{
  "name": "hello_world",
  "version": "1.0.0",
  "lockfileVersion": 1,
  "requires": true,
  "dependencies": {
    "async": {
      "version": "3.2.3",
      "resolved": "https://registry.npmjs.org/async/-/async-3.2.3.tgz",
      "integrity": "sha512-spZRyzKL5l5BZQrr/6m/SqFdBN0q3OCI0f9rjfBzCMBIP4p75P620rR3gTmaksNOhmzgdxcaxdNfMy6anrbM0g=="
    },
    "clone": {
      "version": "2.1.2",
      "resolved": "https://registry.npmjs.org/clone/-/clone-2.1.2.tgz",
      "integrity": "sha1-G39Ln1kfHo+DZwQBYANFoCiHQ18="
    },
    "launchdarkly-eventsource": {
      "version": "1.4.4",
      "resolved": "https://registry.npmjs.org/launchdarkly-eventsource/-/launchdarkly-eventsource-1.4.4.tgz",
      "integrity": "sha512-GL+r2Y3WccJlhFyL2buNKel+9VaMnYpbE/FfCkOST5jSNSFodahlxtGyrE8o7R+Qhobyq0Ree4a7iafJDQi9VQ=="
    },
    "launchdarkly-node-server-sdk": {
      "version": "6.3.1",
      "resolved": "https://registry.npmjs.org/launchdarkly-node-server-sdk/-/launchdarkly-node-server-sdk-6.3.1.tgz",
      "integrity": "sha512-l3t7rnPXE/dcE13g1+nY2WqKRiS1QxXYNKEyV5USjNuVWD4Hr7tLrFprWp1i7k1a2Fm6lLamI1l6llxoXhcooA==",
      "requires": {
        "async": "^3.1.0",
        "launchdarkly-eventsource": "1.4.4",
        "lru-cache": "^6.0.0",
        "node-cache": "^5.1.0",
        "semver": "^7.3.0",
        "tunnel": "0.0.6",
        "uuid": "^8.3.2"
      }
    },
    "lru-cache": {
      "version": "6.0.0",
      "resolved": "https://registry.npmjs.org/lru-cache/-/lru-cache-6.0.0.tgz",
      "integrity": "sha512-Jo6dJ04CmSjuznwJSS3pUeWmd/H0ffTlkXXgwZi+eq1UCmqQwCh+eLsYOYCwY991i2Fah4h1BEMCx4qThGbsiA==",
      "requires": {
        "yallist": "^4.0.0"
      }
    },
    "node-cache": {
      "version": "5.1.2",
      "resolved": "https://registry.npmjs.org/node-cache/-/node-cache-5.1.2.tgz",
      "integrity": "sha512-t1QzWwnk4sjLWaQAS8CHgOJ+RAfmHpxFWmc36IWTiWHQfs0w5JDMBS1b1ZxQteo0vVVuWJvIUKHDkkeK7vIGCg==",
      "requires": {
        "clone": "2.x"
      }
    },
    "semver": {
      "version": "7.3.5",
      "resolved": "https://registry.npmjs.org/semver/-/semver-7.3.5.tgz",
      "integrity": "sha512-PoeGJYh8HK4BTO/a9Tf6ZG3veo/A7ZVsYrSA6J8ny9nb3B1VrpkuN+z9OE5wfE5p6H4LchYZsegiQgbJD94ZFQ==",
      "requires": {
        "lru-cache": "^6.0.0"
      }
    },
    "tunnel": {
      "version": "0.0.6",
      "resolved": "https://registry.npmjs.org/tunnel/-/tunnel-0.0.6.tgz",
      "integrity": "sha512-1h/Lnq9yajKY2PEbBadPXj3VxsDDu844OnaAo52UVmIzIvwwtBPIuNvkjuzBlTWpfJyUbG3ez0KSBibQkj4ojg=="
    },
    "uuid": {
      "version": "8.3.2",
      "resolved": "https://registry.npmjs.org/uuid/-/uuid-8.3.2.tgz",
      "integrity": "sha512-+NYs2QeMWy+GWFOEm9xnn6HCDp0l7QBD7ml8zLUmJ+93Q5NF0NocErnwkTkXVFNiX3/fpC6afS8Dhb/gz7R7eg=="
    },
    "yallist": {
      "version": "4.0.0",
      "resolved": "https://registry.npmjs.org/yallist/-/yallist-4.0.0.tgz",
      "integrity": "sha512-3wdGidZyq5PB084XLES5TpOSRA3wjXAlIWMhum2kRcv/41Sn2emQ0dycQW4uZXLejwKvg6EsvbdlVL+FYEct7A=="
    }
  }
}
